
Microsoft Visual Studio Solution File, Format Version 12.00
# Visual Studio Version 17
VisualStudioVersion = 17.0.32112.339
MinimumVisualStudioVersion = 10.0.40219.1
Project("{FAE04EC0-301F-11D3-BF4B-00C04F79EFBC}") = "TestApplication", "TestApplication\TestApplication.csproj", "{7E5E36EC-7C07-4A6D-BC39-09AAD062CCC4}"
EndProject
Project("{FAE04EC0-301F-11D3-BF4B-00C04F79EFBC}") = "TestApplication.Domain", "TestApplication.Domain\TestApplication.Domain.csproj", "{3383E7BB-2F27-407B-AABB-4CC08E40A808}"
EndProject
Project("{FAE04EC0-301F-11D3-BF4B-00C04F79EFBC}") = "TestApplication.Data", "TestApplication.Data\TestApplication.Data.csproj", "{A33EF95C-0FA8-43C8-8D52-9BDA19E02D1F}"
EndProject
Global
	GlobalSection(SolutionConfigurationPlatforms) = preSolution
		Debug|Any CPU = Debug|Any CPU
		Release|Any CPU = Release|Any CPU
	EndGlobalSection
	GlobalSection(ProjectConfigurationPlatforms) = postSolution
		{7E5E36EC-7C07-4A6D-BC39-09AAD062CCC4}.Debug|Any CPU.ActiveCfg = Debug|Any CPU
		{7E5E36EC-7C07-4A6D-BC39-09AAD062CCC4}.Debug|Any CPU.Build.0 = Debug|Any CPU
		{7E5E36EC-7C07-4A6D-BC39-09AAD062CCC4}.Release|Any CPU.ActiveCfg = Release|Any CPU
		{7E5E36EC-7C07-4A6D-BC39-09AAD062CCC4}.Release|Any CPU.Build.0 = Release|Any CPU
		{3383E7BB-2F27-407B-AABB-4CC08E40A808}.Debug|Any CPU.ActiveCfg = Debug|Any CPU
		{3383E7BB-2F27-407B-AABB-4CC08E40A808}.Debug|Any CPU.Build.0 = Debug|Any CPU
		{3383E7BB-2F27-407B-AABB-4CC08E40A808}.Release|Any CPU.ActiveCfg = Release|Any CPU
		{3383E7BB-2F27-407B-AABB-4CC08E40A808}.Release|Any CPU.Build.0 = Release|Any CPU
		{A33EF95C-0FA8-43C8-8D52-9BDA19E02D1F}.Debug|Any CPU.ActiveCfg = Debug|Any CPU
		{A33EF95C-0FA8-43C8-8D52-9BDA19E02D1F}.Debug|Any CPU.Build.0 = Debug|Any CPU
		{A33EF95C-0FA8-43C8-8D52-9BDA19E02D1F}.Release|Any CPU.ActiveCfg = Release|Any CPU
		{A33EF95C-0FA8-43C8-8D52-9BDA19E02D1F}.Release|Any CPU.Build.0 = Release|Any CPU
	EndGlobalSection
	GlobalSection(SolutionProperties) = preSolution
		HideSolutionNode = FALSE
	EndGlobalSection
	GlobalSection(ExtensibilityGlobals) = postSolution
		SolutionGuid = {DA0F625C-D068-4641-928E-3861FDD22EDC}
	EndGlobalSection
EndGlobal
